// !$*UTF8*$!
{
	archiveVersion = 1;
	classes = {
	};
	objectVersion = 46;
	objects = {

/* Begin PBXBuildFile section */
		4331CED81C436632002F7BBE /* AppDelegate.swift in Sources */ = {isa = PBXBuildFile; fileRef = 4331CED71C436632002F7BBE /* AppDelegate.swift */; };
		4331CEDA1C436632002F7BBE /* ViewController.swift in Sources */ = {isa = PBXBuildFile; fileRef = 4331CED91C436632002F7BBE /* ViewController.swift */; };
		4331CEDD1C436632002F7BBE /* Main.storyboard in Resources */ = {isa = PBXBuildFile; fileRef = 4331CEDB1C436632002F7BBE /* Main.storyboard */; };
		4331CEDF1C436632002F7BBE /* Assets.xcassets in Resources */ = {isa = PBXBuildFile; fileRef = 4331CEDE1C436632002F7BBE /* Assets.xcassets */; };
		4331CEE21C436632002F7BBE /* LaunchScreen.storyboard in Resources */ = {isa = PBXBuildFile; fileRef = 4331CEE01C436632002F7BBE /* LaunchScreen.storyboard */; };
/* End PBXBuildFile section */

/* Begin PBXFileReference section */
		4331CED41C436632002F7BBE /* Super cool.app */ = {isa = PBXFileReference; explicitFileType = wrapper.application; includeInIndex = 0; path = "Super cool.app"; sourceTree = BUILT_PRODUCTS_DIR; };
		4331CED71C436632002F7BBE /* AppDelegate.swift */ = {isa = PBXFileReference; lastKnownFileType = sourcecode.swift; path = AppDelegate.swift; sourceTree = "<group>"; };
		4331CED91C436632002F7BBE /* ViewController.swift */ = {isa = PBXFileReference; lastKnownFileType = sourcecode.swift; path = ViewController.swift; sourceTree = "<group>"; };
		4331CEDC1C436632002F7BBE /* Base */ = {isa = PBXFileReference; lastKnownFileType = file.storyboard; name = Base; path = Base.lproj/Main.storyboard; sourceTree = "<group>"; };
		4331CEDE1C436632002F7BBE /* Assets.xcassets */ = {isa = PBXFileReference; lastKnownFileType = folder.assetcatalog; path = Assets.xcassets; sourceTree = "<group>"; };
		4331CEE11C436632002F7BBE /* Base */ = {isa = PBXFileReference; lastKnownFileType = file.storyboard; name = Base; path = Base.lproj/LaunchScreen.storyboard; sourceTree = "<group>"; };
		4331CEE31C436632002F7BBE /* Info.plist */ = {isa = PBXFileReference; lastKnownFileType = text.plist.xml; path = Info.plist; sourceTree = "<group>"; };
/* End PBXFileReference section */

/* Begin PBXFrameworksBuildPhase section */
		4331CED11C436632002F7BBE /* Frameworks */ = {
			isa = PBXFrameworksBuildPhase;
			buildActionMask = 2147483647;
			files = (
			);
			runOnlyForDeploymentPostprocessing = 0;
		};
/* End PBXFrameworksBuildPhase section */

/* Begin PBXGroup section */
		4331CECB1C436632002F7BBE = {
			isa = PBXGroup;
			children = (
				4331CED61C436632002F7BBE /* Super cool */,
				4331CED51C436632002F7BBE /* Products */,
			);
			sourceTree = "<group>";
		};
		4331CED51C436632002F7BBE /* Products */ = {
			isa = PBXGroup;
			children = (
				4331CED41C436632002F7BBE /* Super cool.app */,
			);
			name = Products;
			sourceTree = "<group>";
		};
		4331CED61C436632002F7BBE /* Super cool */ = {
			isa = PBXGroup;
			children = (
				4331CED71C436632002F7BBE /* AppDelegate.swift */,
				4331CED91C436632002F7BBE /* ViewController.swift */,
				4331CEDB1C436632002F7BBE /* Main.storyboard */,
				4331CEDE1C436632002F7BBE /* Assets.xcassets */,
				4331CEE01C436632002F7BBE /* LaunchScreen.storyboard */,
				4331CEE31C436632002F7BBE /* Info.plist */,
			);
			path = "Super cool";
			sourceTree = "<group>";
		};
/* End PBXGroup section */

/* Begin PBXNativeTarget section */
		4331CED31C436632002F7BBE /* Super cool */ = {
			isa = PBXNativeTarget;
			buildConfigurationList = 4331CEE61C436632002F7BBE /* Build configuration list for PBXNativeTarget "Super cool" */;
			buildPhases = (
				4331CED01C436632002F7BBE /* Sources */,
				4331CED11C436632002F7BBE /* Frameworks */,
				4331CED21C436632002F7BBE /* Resources */,
			);
			buildRules = (
			);
			dependencies = (
			);
			name = "Super cool";
			productName = "Super cool";
			productReference = 4331CED41C436632002F7BBE /* Super cool.app */;
			productType = "com.apple.product-type.application";
		};
/* End PBXNativeTarget section */

/* Begin PBXProject section */
		4331CECC1C436632002F7BBE /* Project object */ = {
			isa = PBXProject;
			attributes = {
				LastSwiftUpdateCheck = 0720;
				LastUpgradeCheck = 0720;
				ORGANIZATIONNAME = OrangeDev;
				TargetAttributes = {
					4331CED31C436632002F7BBE = {
						CreatedOnToolsVersion = 7.2;
					};
				};
			};
			buildConfigurationList = 4331CECF1C436632002F7BBE /* Build configuration list for PBXProject "Super cool" */;
			compatibilityVersion = "Xcode 3.2";
			developmentRegion = English;
			hasScannedForEncodings = 0;
			knownRegions = (
				en,
				Base,
			);
			mainGroup = 4331CECB1C436632002F7BBE;
			productRefGroup = 4331CED51C436632002F7BBE /* Products */;
			projectDirPath = "";
			projectRoot = "";
			targets = (
				4331CED31C436632002F7BBE /* Super cool */,
			);
		};
/* End PBXProject section */

/* Begin PBXResourcesBuildPhase section */
		4331CED21C436632002F7BBE /* Resources */ = {
			isa = PBXResourcesBuildPhase;
			buildActionMask = 2147483647;
			files = (
				4331CEE21C436632002F7BBE /* LaunchScreen.storyboard in Resources */,
				4331CEDF1C436632002F7BBE /* Assets.xcassets in Resources */,
				4331CEDD1C436632002F7BBE /* Main.storyboard in Resources */,
			);
			runOnlyForDeploymentPostprocessing = 0;
		};
/* End PBXResourcesBuildPhase section */

/* Begin PBXSourcesBuildPhase section */
		4331CED01C436632002F7BBE /* Sources */ = {
			isa = PBXSourcesBuildPhase;
			buildActionMask = 2147483647;
			files = (
				4331CEDA1C436632002F7BBE /* ViewController.swift in Sources */,
				4331CED81C436632002F7BBE /* AppDelegate.swift in Sources */,
			);
			runOnlyForDeploymentPostprocessing = 0;
		};
/* End PBXSourcesBuildPhase section */

/* Begin PBXVariantGroup section */
		4331CEDB1C436632002F7BBE /* Main.storyboard */ = {
			isa = PBXVariantGroup;
			children = (
				4331CEDC1C436632002F7BBE /* Base */,
			);
			name = Main.storyboard;
			sourceTree = "<group>";
		};
		4331CEE01C436632002F7BBE /* LaunchScreen.storyboard */ = {
			isa = PBXVariantGroup;
			children = (
				4331CEE11C436632002F7BBE /* Base */,
			);
			name = LaunchScreen.storyboard;
			sourceTree = "<group>";
		};
/* End PBXVariantGroup section */

/* Begin XCBuildConfiguration section */
		4331CEE41C436632002F7BBE /* Debug */ = {
			isa = XCBuildConfiguration;
			buildSettings = {
				ALWAYS_SEARCH_USER_PATHS = NO;
				CLANG_CXX_LANGUAGE_STANDARD = "gnu++0x";
				CLANG_CXX_LIBRARY = "libc++";
				CLANG_ENABLE_MODULES = YES;
				CLANG_ENABLE_OBJC_ARC = YES;
				CLANG_WARN_BOOL_CONVERSION = YES;
				CLANG_WARN_CONSTANT_CONVERSION = YES;
				CLANG_WARN_DIRECT_OBJC_ISA_USAGE = YES_ERROR;
				CLANG_WARN_EMPTY_BODY = YES;
				CLANG_WARN_ENUM_CONVERSION = YES;
				CLANG_WARN_INT_CONVERSION = YES;
				CLANG_WARN_OBJC_ROOT_CLASS = YES_ERROR;
				CLANG_WARN_UNREACHABLE_CODE = YES;
				CLANG_WARN__DUPLICATE_METHOD_MATCH = YES;
				"CODE_SIGN_IDENTITY[sdk=iphoneos*]" = "iPhone Developer";
				COPY_PHASE_STRIP = NO;
				DEBUG_INFORMATION_FORMAT = dwarf;
				ENABLE_STRICT_OBJC_MSGSEND = YES;
				ENABLE_TESTABILITY = YES;
				GCC_C_LANGUAGE_STANDARD = gnu99;
				GCC_DYNAMIC_NO_PIC = NO;
				GCC_NO_COMMON_BLOCKS = YES;
				GCC_OPTIMIZATION_LEVEL = 0;
				GCC_PREPROCESSOR_DEFINITIONS = (
					"DEBUG=1",
					"$(inherited)",
				);
				GCC_WARN_64_TO_32_BIT_CONVERSION = YES;
				GCC_WARN_ABOUT_RETURN_TYPE = YES_ERROR;
				GCC_WARN_UNDECLARED_SELECTOR = YES;
				GCC_WARN_UNINITIALIZED_AUTOS = YES_AGGRESSIVE;
				GCC_WARN_UNUSED_FUNCTION = YES;
				GCC_WARN_UNUSED_VARIABLE = YES;
				IPHONEOS_DEPLOYMENT_TARGET = 9.2;
				MTL_ENABLE_DEBUG_INFO = YES;
				ONLY_ACTIVE_ARCH = YES;
				SDKROOT = iphoneos;
				SWIFT_OPTIMIZATION_LEVEL = "-Onone";
			};
			name = Debug;
		};
		4331CEE51C436632002F7BBE /* Release */ = {
			isa = XCBuildConfiguration;
			buildSettings = {
				ALWAYS_SEARCH_USER_PATHS = NO;
				CLANG_CXX_LANGUAGE_STANDARD = "gnu++0x";
				CLANG_CXX_LIBRARY = "libc++";
				CLANG_ENABLE_MODULES = YES;
				CLANG_ENABLE_OBJC_ARC = YES;
				CLANG_WARN_BOOL_CONVERSION = YES;
				CLANG_WARN_CONSTANT_CONVERSION = YES;
				CLANG_WARN_DIRECT_OBJC_ISA_USAGE = YES_ERROR;
				CLANG_WARN_EMPTY_BODY = YES;
				CLANG_WARN_ENUM_CONVERSION = YES;
				CLANG_WARN_INT_CONVERSION = YES;
				CLANG_WARN_OBJC_ROOT_CLASS = YES_ERROR;
				CLANG_WARN_UNREACHABLE_CODE = YES;
				CLANG_WARN__DUPLICATE_METHOD_MATCH = YES;
				"CODE_SIGN_IDENTITY[sdk=iphoneos*]" = "iPhone Developer";
				COPY_PHASE_STRIP = NO;
				DEBUG_INFORMATION_FORMAT = "dwarf-with-dsym";
				ENABLE_NS_ASSERTIONS = NO;
				ENABLE_STRICT_OBJC_MSGSEND = YES;
				GCC_C_LANGUAGE_STANDARD = gnu99;
				GCC_NO_COMMON_BLOCKS = YES;
				GCC_WARN_64_TO_32_BIT_CONVERSION = YES;
				GCC_WARN_ABOUT_RETURN_TYPE = YES_ERROR;
				GCC_WARN_UNDECLARED_SELECTOR = YES;
				GCC_WARN_UNINITIALIZED_AUTOS = YES_AGGRESSIVE;
				GCC_WARN_UNUSED_FUNCTION = YES;
				GCC_WARN_UNUSED_VARIABLE = YES;
				IPHONEOS_DEPLOYMENT_TARGET = 9.2;
				MTL_ENABLE_DEBUG_INFO = NO;
				SDKROOT = iphoneos;
				VALIDATE_PRODUCT = YES;
			};
			name = Release;
		};
		4331CEE71C436632002F7BBE /* Debug */ = {
			isa = XCBuildConfiguration;
			buildSettings = {
				ASSETCATALOG_COMPILER_APPICON_NAME = AppIcon;
				INFOPLIST_FILE = "Super cool/Info.plist";
				LD_RUNPATH_SEARCH_PATHS = "$(inherited) @executable_path/Frameworks";
				PRODUCT_BUNDLE_IDENTIFIER = "com.example.Super-cool";
				PRODUCT_NAME = "$(TARGET_NAME)";
			};
			name = Debug;
		};
		4331CEE81C436632002F7BBE /* Release */ = {
			isa = XCBuildConfiguration;
			buildSettings = {
				ASSETCATALOG_COMPILER_APPICON_NAME = AppIcon;
				INFOPLIST_FILE = "Super cool/Info.plist";
				LD_RUNPATH_SEARCH_PATHS = "$(inherited) @executable_path/Frameworks";
				PRODUCT_BUNDLE_IDENTIFIER = "com.example.Super-cool";
				PRODUCT_NAME = "$(TARGET_NAME)";
			};
			name = Release;
		};
/* End XCBuildConfiguration section */

/* Begin XCConfigurationList section */
		4331CECF1C436632002F7BBE /* Build configuration list for PBXProject "Super cool" */ = {
			isa = XCConfigurationList;
			buildConfigurations = (
				4331CEE41C436632002F7BBE /* Debug */,
				4331CEE51C436632002F7BBE /* Release */,
			);
			defaultConfigurationIsVisible = 0;
			defaultConfigurationName = Release;
		};
		4331CEE61C436632002F7BBE /* Build configuration list for PBXNativeTarget "Super cool" */ = {
			isa = XCConfigurationList;
			buildConfigurations = (
				4331CEE71C436632002F7BBE /* Debug */,
				4331CEE81C436632002F7BBE /* Release */,
			);
			defaultConfigurationIsVisible = 0;
		};
/* End XCConfigurationList section */
	};
	rootObject = 4331CECC1C436632002F7BBE /* Project object */;
}
